
Microsoft Visual Studio Solution File, Format Version 12.00
# Visual Studio 14
VisualStudioVersion = 14.0.25420.1
MinimumVisualStudioVersion = 10.0.40219.1
Project("{FAE04EC0-301F-11D3-BF4B-00C04F79EFBC}") = "SGNWeb", "SGNWeb\SGNWeb.csproj", "{D170F4E1-BD38-4754-B761-0F7CDDAE740F}"
EndProject
Project("{FAE04EC0-301F-11D3-BF4B-00C04F79EFBC}") = "DAL", "DAL\DAL.csproj", "{843F335D-778C-4698-B4FD-B763657961E6}"
EndProject
Project("{2150E333-8FDC-42A3-9474-1A3956D46DE8}") = "Solution Items", "Solution Items", "{205414B7-80CB-4F20-A419-DCC63F79CC76}"
	ProjectSection(SolutionItems) = preProject
		Documentacao.txt = Documentacao.txt
	EndProjectSection
EndProject
Project("{FAE04EC0-301F-11D3-BF4B-00C04F79EFBC}") = "Model", "Model\Model.csproj", "{23857643-D36F-4160-B112-58F4B23C190D}"
EndProject
Global
	GlobalSection(SolutionConfigurationPlatforms) = preSolution
		Debug|Any CPU = Debug|Any CPU
		Release|Any CPU = Release|Any CPU
	EndGlobalSection
	GlobalSection(ProjectConfigurationPlatforms) = postSolution
		{D170F4E1-BD38-4754-B761-0F7CDDAE740F}.Debug|Any CPU.ActiveCfg = Debug|Any CPU
		{D170F4E1-BD38-4754-B761-0F7CDDAE740F}.Debug|Any CPU.Build.0 = Debug|Any CPU
		{D170F4E1-BD38-4754-B761-0F7CDDAE740F}.Release|Any CPU.ActiveCfg = Release|Any CPU
		{D170F4E1-BD38-4754-B761-0F7CDDAE740F}.Release|Any CPU.Build.0 = Release|Any CPU
		{843F335D-778C-4698-B4FD-B763657961E6}.Debug|Any CPU.ActiveCfg = Debug|Any CPU
		{843F335D-778C-4698-B4FD-B763657961E6}.Debug|Any CPU.Build.0 = Debug|Any CPU
		{843F335D-778C-4698-B4FD-B763657961E6}.Release|Any CPU.ActiveCfg = Release|Any CPU
		{843F335D-778C-4698-B4FD-B763657961E6}.Release|Any CPU.Build.0 = Release|Any CPU
		{23857643-D36F-4160-B112-58F4B23C190D}.Debug|Any CPU.ActiveCfg = Debug|Any CPU
		{23857643-D36F-4160-B112-58F4B23C190D}.Debug|Any CPU.Build.0 = Debug|Any CPU
		{23857643-D36F-4160-B112-58F4B23C190D}.Release|Any CPU.ActiveCfg = Release|Any CPU
		{23857643-D36F-4160-B112-58F4B23C190D}.Release|Any CPU.Build.0 = Release|Any CPU
	EndGlobalSection
	GlobalSection(SolutionProperties) = preSolution
		HideSolutionNode = FALSE
	EndGlobalSection
EndGlobal
